{
  "name": "Meine Rezepte",
  "lockfileVersion": 2,
  "requires": true,
  "packages": {
    "": {
      "dependencies": {
        "crop-select-js": "^1.0.1"
      }
    },
    "node_modules/crop-select-js": {
      "version": "1.0.1",
      "resolved": "https://registry.npmjs.org/crop-select-js/-/crop-select-js-1.0.1.tgz",
      "integrity": "sha512-spYDZnzUXxZvSmtcj1iMP4sR2f0ccYzUFnjd4MdxJNe9vaId0AQ/BQAVAtEaIyxz6BDE1zJbaVOPmy44uIbBDw=="
    }
  },
  "dependencies": {
    "crop-select-js": {
      "version": "1.0.1",
      "resolved": "https://registry.npmjs.org/crop-select-js/-/crop-select-js-1.0.1.tgz",
      "integrity": "sha512-spYDZnzUXxZvSmtcj1iMP4sR2f0ccYzUFnjd4MdxJNe9vaId0AQ/BQAVAtEaIyxz6BDE1zJbaVOPmy44uIbBDw=="
    }
  }
}
